
Microsoft Visual Studio Solution File, Format Version 12.00
# Visual Studio 15
VisualStudioVersion = 15.0.27428.2043
MinimumVisualStudioVersion = 10.0.40219.1
Project("{8BC9CEB8-8B4A-11D0-8D11-00A0C91BC942}") = "SelfCopyVirus", "SelfCopyVirus\SelfCopyVirus.vcxproj", "{9A721B9A-0817-4FA5-B3F1-C8E20A6F43CA}"
EndProject
Global
	GlobalSection(SolutionConfigurationPlatforms) = preSolution
		Debug|x64 = Debug|x64
		Debug|x86 = Debug|x86
		Release|x64 = Release|x64
		Release|x86 = Release|x86
	EndGlobalSection
	GlobalSection(ProjectConfigurationPlatforms) = postSolution
		{9A721B9A-0817-4FA5-B3F1-C8E20A6F43CA}.Debug|x64.ActiveCfg = Debug|x64
		{9A721B9A-0817-4FA5-B3F1-C8E20A6F43CA}.Debug|x64.Build.0 = Debug|x64
		{9A721B9A-0817-4FA5-B3F1-C8E20A6F43CA}.Debug|x86.ActiveCfg = Debug|Win32
		{9A721B9A-0817-4FA5-B3F1-C8E20A6F43CA}.Debug|x86.Build.0 = Debug|Win32
		{9A721B9A-0817-4FA5-B3F1-C8E20A6F43CA}.Release|x64.ActiveCfg = Release|x64
		{9A721B9A-0817-4FA5-B3F1-C8E20A6F43CA}.Release|x64.Build.0 = Release|x64
		{9A721B9A-0817-4FA5-B3F1-C8E20A6F43CA}.Release|x86.ActiveCfg = Release|Win32
		{9A721B9A-0817-4FA5-B3F1-C8E20A6F43CA}.Release|x86.Build.0 = Release|Win32
	EndGlobalSection
	GlobalSection(SolutionProperties) = preSolution
		HideSolutionNode = FALSE
	EndGlobalSection
	GlobalSection(ExtensibilityGlobals) = postSolution
		SolutionGuid = {437F1FE9-337E-4788-8275-883C730DF331}
	EndGlobalSection
EndGlobal
